<Solution>
  <Folder Name="/00 - solution-items/">
    <File Path=".editorconfig" />
    <File Path="Directory.Build.props" />
    <File Path="Directory.Packages.props" />
  </Folder>
  <Folder Name="/01-aspire/" />
  <Folder Name="/01-aspire/01-AppHost/">
    <Project Path="01-aspire/01-AppHost/rentifyx_asset_registry_api.AppHost/rentifyx_asset_registry_api.AppHost.csproj" />
  </Folder>
  <Folder Name="/01-aspire/02-ServiceDefaults/">
    <Project Path="01-aspire/02-ServiceDefaults/rentifyx_asset_registry_api.ServiceDefaults/rentifyx_asset_registry_api.ServiceDefaults.csproj" />
  </Folder>
  <Folder Name="/02-src/" />
  <Folder Name="/02-src/01-Api/">
    <Project Path="02-src/01-Api/rentifyx_asset_registry_api.Api/rentifyx_asset_registry_api.Api.csproj" />
  </Folder>
  <Folder Name="/02-src/02-Application/">
    <Project Path="02-src/02-Application/rentifyx_asset_registry_api.Application/rentifyx_asset_registry_api.Application.csproj" />
  </Folder>
  <Folder Name="/02-src/03-Domain/">
    <Project Path="02-src/03-Domain/rentifyx_asset_registry_api.Domain/rentifyx_asset_registry_api.Domain.csproj" />
  </Folder>
  <Folder Name="/02-src/04-IoC/">
    <Project Path="02-src/04-IoC/rentifyx_asset_registry_api.IoC/rentifyx_asset_registry_api.IoC.csproj" />
  </Folder>
  <Folder Name="/02-src/05-Infrastructure/">
    <Project Path="02-src/05-Infrastructure/rentifyx_asset_registry_api.Infrastructure/rentifyx_asset_registry_api.Infrastructure.csproj" />
  </Folder>
  <Folder Name="/03-tests/" />
  <Folder Name="/03-tests/01-Common/">
    <Project Path="03-tests/01-Common/rentifyx_asset_registry_api.Tests.Common/rentifyx_asset_registry_api.Tests.Common.csproj" />
  </Folder>
  <Folder Name="/03-tests/02-Validators/">
    <Project Path="03-tests/02-Validators/rentifyx_asset_registry_api.Tests.Validators/rentifyx_asset_registry_api.Tests.Validators.csproj" />
  </Folder>
  <Folder Name="/03-tests/03-Handlers/">
    <Project Path="03-tests/03-Handlers/rentifyx_asset_registry_api.Tests.Handlers/rentifyx_asset_registry_api.Tests.Handlers.csproj" />
  </Folder>
  <Folder Name="/03-tests/04-Repositories/">
    <Project Path="03-tests/04-Repositories/rentifyx_asset_registry_api.Tests.Repositories/rentifyx_asset_registry_api.Tests.Repositories.csproj" />
  </Folder>
  <Folder Name="/03-tests/05-Integration/">
    <Project Path="03-tests/05-Integration/rentifyx_asset_registry_api.Tests.Integration/rentifyx_asset_registry_api.Tests.Integration.csproj" />
  </Folder>
</Solution>
